
Microsoft Visual Studio Solution File, Format Version 12.00
# Visual Studio Version 17
VisualStudioVersion = 17.10.35027.167
MinimumVisualStudioVersion = 10.0.40219.1
Project("{9A19103F-16F7-4668-BE54-9A1E7A4F7556}") = "LaQuimera", "LaQuimera\LaQuimera\LaQuimera.csproj", "{62569CD5-B562-4A46-AD39-8698224028DE}"
EndProject
Project("{9A19103F-16F7-4668-BE54-9A1E7A4F7556}") = "LaQuimera.Client", "LaQuimera\LaQuimera.Client\LaQuimera.Client.csproj", "{5E243ACA-F4C0-48E7-A6E7-5C9FBD39E230}"
EndProject
Global
	GlobalSection(SolutionConfigurationPlatforms) = preSolution
		Debug|Any CPU = Debug|Any CPU
		Release|Any CPU = Release|Any CPU
	EndGlobalSection
	GlobalSection(ProjectConfigurationPlatforms) = postSolution
		{62569CD5-B562-4A46-AD39-8698224028DE}.Debug|Any CPU.ActiveCfg = Debug|Any CPU
		{62569CD5-B562-4A46-AD39-8698224028DE}.Debug|Any CPU.Build.0 = Debug|Any CPU
		{62569CD5-B562-4A46-AD39-8698224028DE}.Release|Any CPU.ActiveCfg = Release|Any CPU
		{62569CD5-B562-4A46-AD39-8698224028DE}.Release|Any CPU.Build.0 = Release|Any CPU
		{5E243ACA-F4C0-48E7-A6E7-5C9FBD39E230}.Debug|Any CPU.ActiveCfg = Debug|Any CPU
		{5E243ACA-F4C0-48E7-A6E7-5C9FBD39E230}.Debug|Any CPU.Build.0 = Debug|Any CPU
		{5E243ACA-F4C0-48E7-A6E7-5C9FBD39E230}.Release|Any CPU.ActiveCfg = Release|Any CPU
		{5E243ACA-F4C0-48E7-A6E7-5C9FBD39E230}.Release|Any CPU.Build.0 = Release|Any CPU
	EndGlobalSection
	GlobalSection(SolutionProperties) = preSolution
		HideSolutionNode = FALSE
	EndGlobalSection
	GlobalSection(ExtensibilityGlobals) = postSolution
		SolutionGuid = {A45D49F3-C676-4C07-910F-EF6485393CE3}
	EndGlobalSection
EndGlobal
